
Microsoft Visual Studio Solution File, Format Version 12.00
# Visual Studio Version 16
VisualStudioVersion = 16.0.29509.3
MinimumVisualStudioVersion = 10.0.40219.1
Project("{FAE04EC0-301F-11D3-BF4B-00C04F79EFBC}") = "JenkinsWithDotnetCore", "JenkinsWithDotnetCore.csproj", "{FC1C661E-5FD3-4395-86E8-EE38F389F6D2}"
EndProject
Global
	GlobalSection(SolutionConfigurationPlatforms) = preSolution
		Debug|Any CPU = Debug|Any CPU
		Release|Any CPU = Release|Any CPU
	EndGlobalSection
	GlobalSection(ProjectConfigurationPlatforms) = postSolution
		{FC1C661E-5FD3-4395-86E8-EE38F389F6D2}.Debug|Any CPU.ActiveCfg = Debug|Any CPU
		{FC1C661E-5FD3-4395-86E8-EE38F389F6D2}.Debug|Any CPU.Build.0 = Debug|Any CPU
		{FC1C661E-5FD3-4395-86E8-EE38F389F6D2}.Release|Any CPU.ActiveCfg = Release|Any CPU
		{FC1C661E-5FD3-4395-86E8-EE38F389F6D2}.Release|Any CPU.Build.0 = Release|Any CPU
	EndGlobalSection
	GlobalSection(SolutionProperties) = preSolution
		HideSolutionNode = FALSE
	EndGlobalSection
	GlobalSection(ExtensibilityGlobals) = postSolution
		SolutionGuid = {E7E14FEF-13F5-4B63-882B-4946B7F470D5}
	EndGlobalSection
EndGlobal
